{
  "name": "inventory_app",
  "version": "1.0.0",
  "lockfileVersion": 3,
  "requires": true,
  "packages": {
    "": {
      "name": "inventory_app",
      "version": "1.0.0",
      "license": "ISC",
      "dependencies": {
        "cors": "^2.8.5",
        "express": "^4.21.2",
        "jsonwebtoken": "^9.0.2",
        "nodemon": "^3.1.9"
        "swagger-ui-express": "^5.0.1",
        "winston": "^3.17.0"

      }
    }